<Solution>
  <Folder Name="/src/" />
  <Folder Name="/src/Core/">
    <Project Path="src/Core/GmbhSystem.Application/GmbhSystem.Application.csproj" />
    <Project Path="src/Core/GmbhSystem.Domain/GmbhSystem.Domain.csproj" />
  </Folder>
  <Folder Name="/src/Infrastructure/">
    <Project Path="src/Infrastructure/GmbhSystem.Infrastructure/GmbhSystem.Infrastructure.csproj" />
    <Project Path="src/Infrastructure/GmbhSystem.Persistence/GmbhSystem.Persistence.csproj" />
  </Folder>
  <Folder Name="/src/Presentation/">
    <Project Path="src/Presentation/GmbhSystem.Api/GmbhSystem.Api.csproj" />
  </Folder>
  <Folder Name="/tests/">
    <Project Path="tests/GmbhSystem.Api.IntegrationTests/GmbhSystem.Api.IntegrationTests.csproj" />
    <Project Path="tests/GmbhSystem.Application.Tests/GmbhSystem.Application.Tests.csproj" />
    <Project Path="tests/GmbhSystem.Domain.Tests/GmbhSystem.Domain.Tests.csproj" />
  </Folder>
</Solution>
